
Microsoft Visual Studio Solution File, Format Version 12.00
# Visual Studio 15
Project("{FAE04EC0-301F-11D3-BF4B-00C04F79EFBC}") = "Assembly-CSharp", "Assembly-CSharp.csproj", "{3D0D1F54-9455-3E64-502E-4633420BD6E6}"
EndProject
Project("{FAE04EC0-301F-11D3-BF4B-00C04F79EFBC}") = "Assembly-CSharp-Editor", "Assembly-CSharp-Editor.csproj", "{B693A21E-9CF2-34BB-5A81-14EC1A80602B}"
EndProject
Global
	GlobalSection(SolutionConfigurationPlatforms) = preSolution
		Debug|Any CPU = Debug|Any CPU
		Release|Any CPU = Release|Any CPU
	EndGlobalSection
	GlobalSection(ProjectConfigurationPlatforms) = postSolution
		{3D0D1F54-9455-3E64-502E-4633420BD6E6}.Debug|Any CPU.ActiveCfg = Debug|Any CPU
		{3D0D1F54-9455-3E64-502E-4633420BD6E6}.Debug|Any CPU.Build.0 = Debug|Any CPU
		{3D0D1F54-9455-3E64-502E-4633420BD6E6}.Release|Any CPU.ActiveCfg = Release|Any CPU
		{3D0D1F54-9455-3E64-502E-4633420BD6E6}.Release|Any CPU.Build.0 = Release|Any CPU
		{B693A21E-9CF2-34BB-5A81-14EC1A80602B}.Debug|Any CPU.ActiveCfg = Debug|Any CPU
		{B693A21E-9CF2-34BB-5A81-14EC1A80602B}.Debug|Any CPU.Build.0 = Debug|Any CPU
		{B693A21E-9CF2-34BB-5A81-14EC1A80602B}.Release|Any CPU.ActiveCfg = Release|Any CPU
		{B693A21E-9CF2-34BB-5A81-14EC1A80602B}.Release|Any CPU.Build.0 = Release|Any CPU
	EndGlobalSection
	GlobalSection(SolutionProperties) = preSolution
		HideSolutionNode = FALSE
	EndGlobalSection
EndGlobal
