
Microsoft Visual Studio Solution File, Format Version 12.00
# Visual Studio 15
Project("{FAE04EC0-301F-11D3-BF4B-00C04F79EFBC}") = "Assembly-CSharp-firstpass", "Assembly-CSharp-firstpass.csproj", "{34772549-E8DF-822F-D56B-ED24E5A80A7D}"
EndProject
Project("{FAE04EC0-301F-11D3-BF4B-00C04F79EFBC}") = "Assembly-CSharp", "Assembly-CSharp.csproj", "{3D0D1F54-9455-3E64-502E-4633420BD6E6}"
EndProject
Project("{FAE04EC0-301F-11D3-BF4B-00C04F79EFBC}") = "Sirenix.OdinInspector.CompatibilityLayer", "Sirenix.OdinInspector.CompatibilityLayer.csproj", "{AFA7D6AB-E44E-D2D8-FD03-AF97C5C91375}"
EndProject
Project("{FAE04EC0-301F-11D3-BF4B-00C04F79EFBC}") = "Assembly-CSharp-Editor", "Assembly-CSharp-Editor.csproj", "{B693A21E-9CF2-34BB-5A81-14EC1A80602B}"
EndProject
Project("{FAE04EC0-301F-11D3-BF4B-00C04F79EFBC}") = "Sirenix.OdinInspector.CompatibilityLayer.Editor", "Sirenix.OdinInspector.CompatibilityLayer.Editor.csproj", "{75CD6474-5743-9CA0-A87F-618A96C77C62}"
EndProject
Global
	GlobalSection(SolutionConfigurationPlatforms) = preSolution
		Debug|Any CPU = Debug|Any CPU
		Release|Any CPU = Release|Any CPU
	EndGlobalSection
	GlobalSection(ProjectConfigurationPlatforms) = postSolution
		{34772549-E8DF-822F-D56B-ED24E5A80A7D}.Debug|Any CPU.ActiveCfg = Debug|Any CPU
		{34772549-E8DF-822F-D56B-ED24E5A80A7D}.Debug|Any CPU.Build.0 = Debug|Any CPU
		{34772549-E8DF-822F-D56B-ED24E5A80A7D}.Release|Any CPU.ActiveCfg = Release|Any CPU
		{34772549-E8DF-822F-D56B-ED24E5A80A7D}.Release|Any CPU.Build.0 = Release|Any CPU
		{3D0D1F54-9455-3E64-502E-4633420BD6E6}.Debug|Any CPU.ActiveCfg = Debug|Any CPU
		{3D0D1F54-9455-3E64-502E-4633420BD6E6}.Debug|Any CPU.Build.0 = Debug|Any CPU
		{3D0D1F54-9455-3E64-502E-4633420BD6E6}.Release|Any CPU.ActiveCfg = Release|Any CPU
		{3D0D1F54-9455-3E64-502E-4633420BD6E6}.Release|Any CPU.Build.0 = Release|Any CPU
		{AFA7D6AB-E44E-D2D8-FD03-AF97C5C91375}.Debug|Any CPU.ActiveCfg = Debug|Any CPU
		{AFA7D6AB-E44E-D2D8-FD03-AF97C5C91375}.Debug|Any CPU.Build.0 = Debug|Any CPU
		{AFA7D6AB-E44E-D2D8-FD03-AF97C5C91375}.Release|Any CPU.ActiveCfg = Release|Any CPU
		{AFA7D6AB-E44E-D2D8-FD03-AF97C5C91375}.Release|Any CPU.Build.0 = Release|Any CPU
		{B693A21E-9CF2-34BB-5A81-14EC1A80602B}.Debug|Any CPU.ActiveCfg = Debug|Any CPU
		{B693A21E-9CF2-34BB-5A81-14EC1A80602B}.Debug|Any CPU.Build.0 = Debug|Any CPU
		{B693A21E-9CF2-34BB-5A81-14EC1A80602B}.Release|Any CPU.ActiveCfg = Release|Any CPU
		{B693A21E-9CF2-34BB-5A81-14EC1A80602B}.Release|Any CPU.Build.0 = Release|Any CPU
		{75CD6474-5743-9CA0-A87F-618A96C77C62}.Debug|Any CPU.ActiveCfg = Debug|Any CPU
		{75CD6474-5743-9CA0-A87F-618A96C77C62}.Debug|Any CPU.Build.0 = Debug|Any CPU
		{75CD6474-5743-9CA0-A87F-618A96C77C62}.Release|Any CPU.ActiveCfg = Release|Any CPU
		{75CD6474-5743-9CA0-A87F-618A96C77C62}.Release|Any CPU.Build.0 = Release|Any CPU
	EndGlobalSection
	GlobalSection(SolutionProperties) = preSolution
		HideSolutionNode = FALSE
	EndGlobalSection
EndGlobal
